<?xml version="1.0" encoding="utf-8"?>
<Project ToolsVersion="4.0" xmlns="http://schemas.microsoft.com/developer/msbuild/2003">
  <ItemGroup>
    <Filter Include="Resources">
      <UniqueIdentifier>{67DA6AB6-F800-4c08-8B7A-83BB121AAD01}</UniqueIdentifier>
      <Extensions>rc;ico;cur;bmp;dlg;rc2;rct;bin;rgs;gif;jpg;jpeg;jpe;resx;tiff;tif;png;wav;mfcribbon-ms</Extensions>
    </Filter>
    <Filter Include="Main">
      <UniqueIdentifier>{76a2a926-7a76-4f00-8160-454767b6f25c}</UniqueIdentifier>
    </Filter>
    <Filter Include="Graphics">
      <UniqueIdentifier>{919ae461-9161-4c7a-9c25-01f35e878166}</UniqueIdentifier>
    </Filter>
    <Filter Include="Physics">
      <UniqueIdentifier>{352beb65-243a-4d12-bd01-f64038d2710f}</UniqueIdentifier>
    </Filter>
    <Filter Include="Controls">
      <UniqueIdentifier>{ecc6a7f2-aad3-473e-9292-c4d0a73514be}</UniqueIdentifier>
    </Filter>
    <Filter Include="Contents">
      <UniqueIdentifier>{b5f50866-fa20-4945-9e9b-3d9caa3e0249}</UniqueIdentifier>
    </Filter>
    <Filter Include="Contents\Scenes">
      <UniqueIdentifier>{a2813f23-58dc-4ec6-b5e4-194cca12a5f7}</UniqueIdentifier>
    </Filter>
    <Filter Include="Contents\Fonts">
      <UniqueIdentifier>{91588204-9885-49af-9ef9-16e566901812}</UniqueIdentifier>
    </Filter>
    <Filter Include="Contents\Fonts\FontLoaders">
      <UniqueIdentifier>{223298bc-b616-49f8-9210-cf5093314049}</UniqueIdentifier>
    </Filter>
    <Filter Include="DataStructures">
      <UniqueIdentifier>{29c5788e-a4e9-40d4-9b6d-f30b2a75651b}</UniqueIdentifier>
    </Filter>
  </ItemGroup>
  <ItemGroup>
    <ClCompile Include="Game.cpp">
      <Filter>Main</Filter>
    </ClCompile>
    <ClCompile Include="main.cpp">
      <Filter>Main</Filter>
    </ClCompile>
    <ClCompile Include="Font.cpp">
      <Filter>Contents\Fonts</Filter>
    </ClCompile>
    <ClCompile Include="FontLoader.cpp">
      <Filter>Contents\Fonts\FontLoaders</Filter>
    </ClCompile>
    <ClCompile Include="FTLoader.cpp">
      <Filter>Contents\Fonts\FontLoaders</Filter>
    </ClCompile>
    <ClCompile Include="Scene.cpp">
      <Filter>Contents\Scenes</Filter>
    </ClCompile>
    <ClCompile Include="TextRenderer.cpp">
      <Filter>Graphics</Filter>
    </ClCompile>
    <ClCompile Include="Graphics.cpp">
      <Filter>Graphics</Filter>
    </ClCompile>
    <ClCompile Include="InputControls.cpp">
      <Filter>Controls</Filter>
    </ClCompile>
    <ClCompile Include="BVHKDTree.cpp">
      <Filter>DataStructures</Filter>
    </ClCompile>
    <ClCompile Include="Geometry.cpp">
      <Filter>Physics</Filter>
    </ClCompile>
    <ClCompile Include="Mass.cpp">
      <Filter>Physics</Filter>
    </ClCompile>
    <ClCompile Include="Object.cpp">
      <Filter>Physics</Filter>
    </ClCompile>
    <ClCompile Include="Particle.cpp">
      <Filter>Physics</Filter>
    </ClCompile>
    <ClCompile Include="Physics.cpp">
      <Filter>Physics</Filter>
    </ClCompile>
    <ClCompile Include="MassSpringScene.cpp">
      <Filter>Contents\Scenes</Filter>
    </ClCompile>
    <ClCompile Include="FontManager.cpp">
      <Filter>Contents</Filter>
    </ClCompile>
    <ClCompile Include="SceneManager.cpp">
      <Filter>Contents</Filter>
    </ClCompile>
    <ClCompile Include="ParticleForceGenerator.cpp" />
    <ClCompile Include="glad.c" />
  </ItemGroup>
  <ItemGroup>
    <ClInclude Include="Game.h">
      <Filter>Main</Filter>
    </ClInclude>
    <ClInclude Include="Font.h">
      <Filter>Contents\Fonts</Filter>
    </ClInclude>
    <ClInclude Include="FontLoader.h">
      <Filter>Contents\Fonts\FontLoaders</Filter>
    </ClInclude>
    <ClInclude Include="FTLoader.h">
      <Filter>Contents\Fonts\FontLoaders</Filter>
    </ClInclude>
    <ClInclude Include="Scene.h">
      <Filter>Contents\Scenes</Filter>
    </ClInclude>
    <ClInclude Include="TextRenderer.h">
      <Filter>Graphics</Filter>
    </ClInclude>
    <ClInclude Include="Graphics.h">
      <Filter>Graphics</Filter>
    </ClInclude>
    <ClInclude Include="InputControls.h">
      <Filter>Controls</Filter>
    </ClInclude>
    <ClInclude Include="BVHKDTree.h">
      <Filter>DataStructures</Filter>
    </ClInclude>
    <ClInclude Include="Geometry.h">
      <Filter>Physics</Filter>
    </ClInclude>
    <ClInclude Include="Mass.h">
      <Filter>Physics</Filter>
    </ClInclude>
    <ClInclude Include="Object.h">
      <Filter>Physics</Filter>
    </ClInclude>
    <ClInclude Include="Particle.h">
      <Filter>Physics</Filter>
    </ClInclude>
    <ClInclude Include="Physics.h">
      <Filter>Physics</Filter>
    </ClInclude>
    <ClInclude Include="MassSpringScene.h">
      <Filter>Contents\Scenes</Filter>
    </ClInclude>
    <ClInclude Include="FontManager.h">
      <Filter>Contents</Filter>
    </ClInclude>
    <ClInclude Include="SceneManager.h">
      <Filter>Contents</Filter>
    </ClInclude>
    <ClInclude Include="ParticleForceGenerator.h" />
  </ItemGroup>
</Project>